
Microsoft Visual Studio Solution File, Format Version 12.00
# Visual Studio Version 17
VisualStudioVersion = 17.2.32630.192
MinimumVisualStudioVersion = 10.0.40219.1
Project("{FAE04EC0-301F-11D3-BF4B-00C04F79EFBC}") = "Activity_6", "Activity_6\Activity_6.csproj", "{20B33E79-7BE0-4FA9-BBCD-FE9F302FAFAE}"
EndProject
Global
	GlobalSection(SolutionConfigurationPlatforms) = preSolution
		Debug|Any CPU = Debug|Any CPU
		Release|Any CPU = Release|Any CPU
	EndGlobalSection
	GlobalSection(ProjectConfigurationPlatforms) = postSolution
		{20B33E79-7BE0-4FA9-BBCD-FE9F302FAFAE}.Debug|Any CPU.ActiveCfg = Debug|Any CPU
		{20B33E79-7BE0-4FA9-BBCD-FE9F302FAFAE}.Debug|Any CPU.Build.0 = Debug|Any CPU
		{20B33E79-7BE0-4FA9-BBCD-FE9F302FAFAE}.Release|Any CPU.ActiveCfg = Release|Any CPU
		{20B33E79-7BE0-4FA9-BBCD-FE9F302FAFAE}.Release|Any CPU.Build.0 = Release|Any CPU
	EndGlobalSection
	GlobalSection(SolutionProperties) = preSolution
		HideSolutionNode = FALSE
	EndGlobalSection
	GlobalSection(ExtensibilityGlobals) = postSolution
		SolutionGuid = {C8354C0E-A257-4A79-829D-E4F2EEF01A43}
	EndGlobalSection
EndGlobal
